
Microsoft Visual Studio Solution File, Format Version 12.00
# Visual Studio 15
VisualStudioVersion = 15.0.28307.852
MinimumVisualStudioVersion = 10.0.40219.1
Project("{FAE04EC0-301F-11D3-BF4B-00C04F79EFBC}") = "SimpleRestServiceBog", "SimpleRestServiceBog\SimpleRestServiceBog.csproj", "{3D47C0B1-7308-4A6D-8468-6F91E7E4F235}"
EndProject
Global
	GlobalSection(SolutionConfigurationPlatforms) = preSolution
		Debug|Any CPU = Debug|Any CPU
		Release|Any CPU = Release|Any CPU
	EndGlobalSection
	GlobalSection(ProjectConfigurationPlatforms) = postSolution
		{3D47C0B1-7308-4A6D-8468-6F91E7E4F235}.Debug|Any CPU.ActiveCfg = Debug|Any CPU
		{3D47C0B1-7308-4A6D-8468-6F91E7E4F235}.Debug|Any CPU.Build.0 = Debug|Any CPU
		{3D47C0B1-7308-4A6D-8468-6F91E7E4F235}.Release|Any CPU.ActiveCfg = Release|Any CPU
		{3D47C0B1-7308-4A6D-8468-6F91E7E4F235}.Release|Any CPU.Build.0 = Release|Any CPU
	EndGlobalSection
	GlobalSection(SolutionProperties) = preSolution
		HideSolutionNode = FALSE
	EndGlobalSection
	GlobalSection(ExtensibilityGlobals) = postSolution
		SolutionGuid = {32FF59D2-9FB6-4123-9024-FB236229B487}
	EndGlobalSection
EndGlobal
